
Microsoft Visual Studio Solution File, Format Version 12.00
# Visual Studio Version 17
VisualStudioVersion = 17.1.32414.318
MinimumVisualStudioVersion = 10.0.40219.1
Project("{9A19103F-16F7-4668-BE54-9A1E7A4F7556}") = "AdapterPattern", "AdapterPattern\AdapterPattern.csproj", "{B47D55D1-11B3-4E46-A31F-0F4F68D9F23A}"
EndProject
Project("{9A19103F-16F7-4668-BE54-9A1E7A4F7556}") = "BridgePattern", "BridgePattern\BridgePattern.csproj", "{E0919748-000B-40A6-B572-F1D112F7FEA5}"
EndProject
Project("{9A19103F-16F7-4668-BE54-9A1E7A4F7556}") = "DecoratorPattern", "DecoratorPattern\DecoratorPattern.csproj", "{A6DB6D08-F409-4D76-AD61-655C4E2D2E73}"
EndProject
Project("{9A19103F-16F7-4668-BE54-9A1E7A4F7556}") = "FacadePattern", "FacadePattern\FacadePattern.csproj", "{032D2D1B-4E99-40E7-98E0-2D1167A49869}"
EndProject
Project("{9A19103F-16F7-4668-BE54-9A1E7A4F7556}") = "CompositePattern", "CompositePattern\CompositePattern.csproj", "{E67DA739-395B-4159-AA28-C86499E470C3}"
EndProject
Project("{FAE04EC0-301F-11D3-BF4B-00C04F79EFBC}") = "StrategyPattern", "StrategyPattern\StrategyPattern.csproj", "{108BA26B-54C0-4354-A2D0-49EBE2FD4FD1}"
EndProject
Global
	GlobalSection(SolutionConfigurationPlatforms) = preSolution
		Debug|Any CPU = Debug|Any CPU
		Release|Any CPU = Release|Any CPU
	EndGlobalSection
	GlobalSection(ProjectConfigurationPlatforms) = postSolution
		{B47D55D1-11B3-4E46-A31F-0F4F68D9F23A}.Debug|Any CPU.ActiveCfg = Debug|Any CPU
		{B47D55D1-11B3-4E46-A31F-0F4F68D9F23A}.Debug|Any CPU.Build.0 = Debug|Any CPU
		{B47D55D1-11B3-4E46-A31F-0F4F68D9F23A}.Release|Any CPU.ActiveCfg = Release|Any CPU
		{B47D55D1-11B3-4E46-A31F-0F4F68D9F23A}.Release|Any CPU.Build.0 = Release|Any CPU
		{E0919748-000B-40A6-B572-F1D112F7FEA5}.Debug|Any CPU.ActiveCfg = Debug|Any CPU
		{E0919748-000B-40A6-B572-F1D112F7FEA5}.Debug|Any CPU.Build.0 = Debug|Any CPU
		{E0919748-000B-40A6-B572-F1D112F7FEA5}.Release|Any CPU.ActiveCfg = Release|Any CPU
		{E0919748-000B-40A6-B572-F1D112F7FEA5}.Release|Any CPU.Build.0 = Release|Any CPU
		{A6DB6D08-F409-4D76-AD61-655C4E2D2E73}.Debug|Any CPU.ActiveCfg = Debug|Any CPU
		{A6DB6D08-F409-4D76-AD61-655C4E2D2E73}.Debug|Any CPU.Build.0 = Debug|Any CPU
		{A6DB6D08-F409-4D76-AD61-655C4E2D2E73}.Release|Any CPU.ActiveCfg = Release|Any CPU
		{A6DB6D08-F409-4D76-AD61-655C4E2D2E73}.Release|Any CPU.Build.0 = Release|Any CPU
		{032D2D1B-4E99-40E7-98E0-2D1167A49869}.Debug|Any CPU.ActiveCfg = Debug|Any CPU
		{032D2D1B-4E99-40E7-98E0-2D1167A49869}.Debug|Any CPU.Build.0 = Debug|Any CPU
		{032D2D1B-4E99-40E7-98E0-2D1167A49869}.Release|Any CPU.ActiveCfg = Release|Any CPU
		{032D2D1B-4E99-40E7-98E0-2D1167A49869}.Release|Any CPU.Build.0 = Release|Any CPU
		{E67DA739-395B-4159-AA28-C86499E470C3}.Debug|Any CPU.ActiveCfg = Debug|Any CPU
		{E67DA739-395B-4159-AA28-C86499E470C3}.Debug|Any CPU.Build.0 = Debug|Any CPU
		{E67DA739-395B-4159-AA28-C86499E470C3}.Release|Any CPU.ActiveCfg = Release|Any CPU
		{E67DA739-395B-4159-AA28-C86499E470C3}.Release|Any CPU.Build.0 = Release|Any CPU
		{108BA26B-54C0-4354-A2D0-49EBE2FD4FD1}.Debug|Any CPU.ActiveCfg = Debug|Any CPU
		{108BA26B-54C0-4354-A2D0-49EBE2FD4FD1}.Debug|Any CPU.Build.0 = Debug|Any CPU
		{108BA26B-54C0-4354-A2D0-49EBE2FD4FD1}.Release|Any CPU.ActiveCfg = Release|Any CPU
		{108BA26B-54C0-4354-A2D0-49EBE2FD4FD1}.Release|Any CPU.Build.0 = Release|Any CPU
	EndGlobalSection
	GlobalSection(SolutionProperties) = preSolution
		HideSolutionNode = FALSE
	EndGlobalSection
	GlobalSection(ExtensibilityGlobals) = postSolution
		SolutionGuid = {9E8F9A48-59B3-4BE6-ACD3-5EBF2E8BDB1A}
	EndGlobalSection
EndGlobal
